
Microsoft Visual Studio Solution File, Format Version 12.00
# Visual Studio Version 17
VisualStudioVersion = 17.11.35219.272
MinimumVisualStudioVersion = 10.0.40219.1
Project("{FAE04EC0-301F-11D3-BF4B-00C04F79EFBC}") = "Cursa4", "Cursa4\Cursa4.csproj", "{1E3A650C-CC86-4D8D-B71B-7005072479AD}"
EndProject
Global
	GlobalSection(SolutionConfigurationPlatforms) = preSolution
		Debug|Any CPU = Debug|Any CPU
		Release|Any CPU = Release|Any CPU
	EndGlobalSection
	GlobalSection(ProjectConfigurationPlatforms) = postSolution
		{1E3A650C-CC86-4D8D-B71B-7005072479AD}.Debug|Any CPU.ActiveCfg = Debug|Any CPU
		{1E3A650C-CC86-4D8D-B71B-7005072479AD}.Debug|Any CPU.Build.0 = Debug|Any CPU
		{1E3A650C-CC86-4D8D-B71B-7005072479AD}.Debug|Any CPU.Deploy.0 = Debug|Any CPU
		{1E3A650C-CC86-4D8D-B71B-7005072479AD}.Release|Any CPU.ActiveCfg = Release|Any CPU
		{1E3A650C-CC86-4D8D-B71B-7005072479AD}.Release|Any CPU.Build.0 = Release|Any CPU
		{1E3A650C-CC86-4D8D-B71B-7005072479AD}.Release|Any CPU.Deploy.0 = Release|Any CPU
	EndGlobalSection
	GlobalSection(SolutionProperties) = preSolution
		HideSolutionNode = FALSE
	EndGlobalSection
	GlobalSection(ExtensibilityGlobals) = postSolution
		SolutionGuid = {35EB1DA9-F18C-40AA-BE4F-49A7D0D61EA7}
	EndGlobalSection
EndGlobal
